PODS:
  - Flutter (1.0.0)
  - Storyly (2.18.2)
  - storyly_flutter (2.18.2):
    - Flutter
    - Storyly (= 2.18.2)

DEPENDENCIES:
  - Flutter (from `Flutter`)
  - storyly_flutter (from `.symlinks/plugins/storyly_flutter/ios`)

SPEC REPOS:
  trunk:
    - Storyly

EXTERNAL SOURCES:
  Flutter:
    :path: Flutter
  storyly_flutter:
    :path: ".symlinks/plugins/storyly_flutter/ios"

SPEC CHECKSUMS:
  Flutter: f04841e97a9d0b0a8025694d0796dd46242b2854
  Storyly: 40b6ce68eb3ebcb366aeff18f6278247d692216f
  storyly_flutter: 95ee9456c3c9b28ecfaf941b16e63db1a4b7e38b

PODFILE CHECKSUM: 4e8f8b2be68aeea4c0d5beb6ff1e79fface1d048

COCOAPODS: 1.14.3
