PODS:
  - Flutter (1.0.0)
  - Storyly (2.17.2)
  - storyly_flutter (2.17.2):
    - Flutter
    - Storyly (= 2.17.2)

DEPENDENCIES:
  - Flutter (from `Flutter`)
  - storyly_flutter (from `.symlinks/plugins/storyly_flutter/ios`)

SPEC REPOS:
  trunk:
    - Storyly

EXTERNAL SOURCES:
  Flutter:
    :path: Flutter
  storyly_flutter:
    :path: ".symlinks/plugins/storyly_flutter/ios"

SPEC CHECKSUMS:
  Flutter: f04841e97a9d0b0a8025694d0796dd46242b2854
  Storyly: 36262f40fa56b278245f192d457b866886f29630
  storyly_flutter: c674167bb9d43915995058983b5d06778237d7c5

PODFILE CHECKSUM: 4e8f8b2be68aeea4c0d5beb6ff1e79fface1d048

COCOAPODS: 1.14.3
